
Microsoft Visual Studio Solution File, Format Version 12.00
# Visual Studio Version 16
VisualStudioVersion = 16.0.31911.196
MinimumVisualStudioVersion = 10.0.40219.1
Project("{FAE04EC0-301F-11D3-BF4B-00C04F79EFBC}") = "AppLifecycleTutorial.Android", "AppLifecycleTutorial\AppLifecycleTutorial.Android\AppLifecycleTutorial.Android.csproj", "{80236375-697A-48E3-B57F-89993AECF846}"
EndProject
Project("{FAE04EC0-301F-11D3-BF4B-00C04F79EFBC}") = "AppLifecycleTutorial.iOS", "AppLifecycleTutorial\AppLifecycleTutorial.iOS\AppLifecycleTutorial.iOS.csproj", "{ACB8B870-6E7F-4BFD-BA89-4D37BB8E606A}"
EndProject
Project("{FAE04EC0-301F-11D3-BF4B-00C04F79EFBC}") = "AppLifecycleTutorial", "AppLifecycleTutorial\AppLifecycleTutorial\AppLifecycleTutorial.csproj", "{2E3497D6-EB88-4D9C-98D1-63B7E85E59B8}"
EndProject
Global
	GlobalSection(SolutionConfigurationPlatforms) = preSolution
		Debug|Any CPU = Debug|Any CPU
		Debug|iPhone = Debug|iPhone
		Debug|iPhoneSimulator = Debug|iPhoneSimulator
		Release|Any CPU = Release|Any CPU
		Release|iPhone = Release|iPhone
		Release|iPhoneSimulator = Release|iPhoneSimulator
	EndGlobalSection
	GlobalSection(ProjectConfigurationPlatforms) = postSolution
		{80236375-697A-48E3-B57F-89993AECF846}.Debug|Any CPU.ActiveCfg = Debug|Any CPU
		{80236375-697A-48E3-B57F-89993AECF846}.Debug|Any CPU.Build.0 = Debug|Any CPU
		{80236375-697A-48E3-B57F-89993AECF846}.Debug|Any CPU.Deploy.0 = Debug|Any CPU
		{80236375-697A-48E3-B57F-89993AECF846}.Debug|iPhone.ActiveCfg = Debug|Any CPU
		{80236375-697A-48E3-B57F-89993AECF846}.Debug|iPhone.Build.0 = Debug|Any CPU
		{80236375-697A-48E3-B57F-89993AECF846}.Debug|iPhone.Deploy.0 = Debug|Any CPU
		{80236375-697A-48E3-B57F-89993AECF846}.Debug|iPhoneSimulator.ActiveCfg = Debug|Any CPU
		{80236375-697A-48E3-B57F-89993AECF846}.Debug|iPhoneSimulator.Build.0 = Debug|Any CPU
		{80236375-697A-48E3-B57F-89993AECF846}.Debug|iPhoneSimulator.Deploy.0 = Debug|Any CPU
		{80236375-697A-48E3-B57F-89993AECF846}.Release|Any CPU.ActiveCfg = Release|Any CPU
		{80236375-697A-48E3-B57F-89993AECF846}.Release|Any CPU.Build.0 = Release|Any CPU
		{80236375-697A-48E3-B57F-89993AECF846}.Release|Any CPU.Deploy.0 = Release|Any CPU
		{80236375-697A-48E3-B57F-89993AECF846}.Release|iPhone.ActiveCfg = Release|Any CPU
		{80236375-697A-48E3-B57F-89993AECF846}.Release|iPhone.Build.0 = Release|Any CPU
		{80236375-697A-48E3-B57F-89993AECF846}.Release|iPhone.Deploy.0 = Release|Any CPU
		{80236375-697A-48E3-B57F-89993AECF846}.Release|iPhoneSimulator.ActiveCfg = Release|Any CPU
		{80236375-697A-48E3-B57F-89993AECF846}.Release|iPhoneSimulator.Build.0 = Release|Any CPU
		{80236375-697A-48E3-B57F-89993AECF846}.Release|iPhoneSimulator.Deploy.0 = Release|Any CPU
		{ACB8B870-6E7F-4BFD-BA89-4D37BB8E606A}.Debug|Any CPU.ActiveCfg = Debug|iPhone
		{ACB8B870-6E7F-4BFD-BA89-4D37BB8E606A}.Debug|Any CPU.Build.0 = Debug|iPhone
		{ACB8B870-6E7F-4BFD-BA89-4D37BB8E606A}.Debug|Any CPU.Deploy.0 = Debug|iPhone
		{ACB8B870-6E7F-4BFD-BA89-4D37BB8E606A}.Debug|iPhone.ActiveCfg = Debug|iPhone
		{ACB8B870-6E7F-4BFD-BA89-4D37BB8E606A}.Debug|iPhone.Build.0 = Debug|iPhone
		{ACB8B870-6E7F-4BFD-BA89-4D37BB8E606A}.Debug|iPhone.Deploy.0 = Debug|iPhone
		{ACB8B870-6E7F-4BFD-BA89-4D37BB8E606A}.Debug|iPhoneSimulator.ActiveCfg = Debug|iPhoneSimulator
		{ACB8B870-6E7F-4BFD-BA89-4D37BB8E606A}.Debug|iPhoneSimulator.Build.0 = Debug|iPhoneSimulator
		{ACB8B870-6E7F-4BFD-BA89-4D37BB8E606A}.Debug|iPhoneSimulator.Deploy.0 = Debug|iPhoneSimulator
		{ACB8B870-6E7F-4BFD-BA89-4D37BB8E606A}.Release|Any CPU.ActiveCfg = Release|iPhoneSimulator
		{ACB8B870-6E7F-4BFD-BA89-4D37BB8E606A}.Release|Any CPU.Build.0 = Release|iPhoneSimulator
		{ACB8B870-6E7F-4BFD-BA89-4D37BB8E606A}.Release|Any CPU.Deploy.0 = Release|iPhoneSimulator
		{ACB8B870-6E7F-4BFD-BA89-4D37BB8E606A}.Release|iPhone.ActiveCfg = Release|iPhone
		{ACB8B870-6E7F-4BFD-BA89-4D37BB8E606A}.Release|iPhone.Build.0 = Release|iPhone
		{ACB8B870-6E7F-4BFD-BA89-4D37BB8E606A}.Release|iPhone.Deploy.0 = Release|iPhone
		{ACB8B870-6E7F-4BFD-BA89-4D37BB8E606A}.Release|iPhoneSimulator.ActiveCfg = Release|iPhoneSimulator
		{ACB8B870-6E7F-4BFD-BA89-4D37BB8E606A}.Release|iPhoneSimulator.Build.0 = Release|iPhoneSimulator
		{ACB8B870-6E7F-4BFD-BA89-4D37BB8E606A}.Release|iPhoneSimulator.Deploy.0 = Release|iPhoneSimulator
		{2E3497D6-EB88-4D9C-98D1-63B7E85E59B8}.Debug|Any CPU.ActiveCfg = Debug|Any CPU
		{2E3497D6-EB88-4D9C-98D1-63B7E85E59B8}.Debug|Any CPU.Build.0 = Debug|Any CPU
		{2E3497D6-EB88-4D9C-98D1-63B7E85E59B8}.Debug|Any CPU.Deploy.0 = Debug|Any CPU
		{2E3497D6-EB88-4D9C-98D1-63B7E85E59B8}.Debug|iPhone.ActiveCfg = Debug|Any CPU
		{2E3497D6-EB88-4D9C-98D1-63B7E85E59B8}.Debug|iPhone.Build.0 = Debug|Any CPU
		{2E3497D6-EB88-4D9C-98D1-63B7E85E59B8}.Debug|iPhone.Deploy.0 = Debug|Any CPU
		{2E3497D6-EB88-4D9C-98D1-63B7E85E59B8}.Debug|iPhoneSimulator.ActiveCfg = Debug|Any CPU
		{2E3497D6-EB88-4D9C-98D1-63B7E85E59B8}.Debug|iPhoneSimulator.Build.0 = Debug|Any CPU
		{2E3497D6-EB88-4D9C-98D1-63B7E85E59B8}.Debug|iPhoneSimulator.Deploy.0 = Debug|Any CPU
		{2E3497D6-EB88-4D9C-98D1-63B7E85E59B8}.Release|Any CPU.ActiveCfg = Release|Any CPU
		{2E3497D6-EB88-4D9C-98D1-63B7E85E59B8}.Release|Any CPU.Build.0 = Release|Any CPU
		{2E3497D6-EB88-4D9C-98D1-63B7E85E59B8}.Release|Any CPU.Deploy.0 = Release|Any CPU
		{2E3497D6-EB88-4D9C-98D1-63B7E85E59B8}.Release|iPhone.ActiveCfg = Release|Any CPU
		{2E3497D6-EB88-4D9C-98D1-63B7E85E59B8}.Release|iPhone.Build.0 = Release|Any CPU
		{2E3497D6-EB88-4D9C-98D1-63B7E85E59B8}.Release|iPhone.Deploy.0 = Release|Any CPU
		{2E3497D6-EB88-4D9C-98D1-63B7E85E59B8}.Release|iPhoneSimulator.ActiveCfg = Release|Any CPU
		{2E3497D6-EB88-4D9C-98D1-63B7E85E59B8}.Release|iPhoneSimulator.Build.0 = Release|Any CPU
		{2E3497D6-EB88-4D9C-98D1-63B7E85E59B8}.Release|iPhoneSimulator.Deploy.0 = Release|Any CPU
	EndGlobalSection
	GlobalSection(SolutionProperties) = preSolution
		HideSolutionNode = FALSE
	EndGlobalSection
	GlobalSection(ExtensibilityGlobals) = postSolution
		SolutionGuid = {6BD7396B-3B57-44EC-A243-210F25F8BE0F}
	EndGlobalSection
EndGlobal
